// !$*UTF8*$!
{
	archiveVersion = 1;
	classes = {
	};
	objectVersion = 46;
	objects = {

/* Begin PBXBuildFile section */
		530A51061F9CBE960068118E /* AppDelegate.swift in Sources */ = {isa = PBXBuildFile; fileRef = 530A51051F9CBE960068118E /* AppDelegate.swift */; };
		530A51081F9CBE960068118E /* ViewController.swift in Sources */ = {isa = PBXBuildFile; fileRef = 530A51071F9CBE960068118E /* ViewController.swift */; };
		530A510B1F9CBE960068118E /* Main.storyboard in Resources */ = {isa = PBXBuildFile; fileRef = 530A51091F9CBE960068118E /* Main.storyboard */; };
		530A510D1F9CBE960068118E /* Assets.xcassets in Resources */ = {isa = PBXBuildFile; fileRef = 530A510C1F9CBE960068118E /* Assets.xcassets */; };
		530A51101F9CBE960068118E /* LaunchScreen.storyboard in Resources */ = {isa = PBXBuildFile; fileRef = 530A510E1F9CBE960068118E /* LaunchScreen.storyboard */; };
		530A51291F9CE2E80068118E /* PazChangeColor.png in Resources */ = {isa = PBXBuildFile; fileRef = 530A51231F9CE2E80068118E /* PazChangeColor.png */; };
		530A512A1F9CE2E80068118E /* PazColorBlue.png in Resources */ = {isa = PBXBuildFile; fileRef = 530A51241F9CE2E80068118E /* PazColorBlue.png */; };
		530A512B1F9CE2E80068118E /* PazColorGreen.png in Resources */ = {isa = PBXBuildFile; fileRef = 530A51251F9CE2E80068118E /* PazColorGreen.png */; };
		530A512C1F9CE2E80068118E /* PazColorPurple.png in Resources */ = {isa = PBXBuildFile; fileRef = 530A51261F9CE2E80068118E /* PazColorPurple.png */; };
		530A512D1F9CE2E80068118E /* PazColorRed.png in Resources */ = {isa = PBXBuildFile; fileRef = 530A51271F9CE2E80068118E /* PazColorRed.png */; };
		530A512E1F9CE2E80068118E /* PazColorYellow.png in Resources */ = {isa = PBXBuildFile; fileRef = 530A51281F9CE2E80068118E /* PazColorYellow.png */; };
		530A51301F9CF4710068118E /* PazBoard.png in Resources */ = {isa = PBXBuildFile; fileRef = 530A512F1F9CF4710068118E /* PazBoard.png */; };
		530A51321F9CF81C0068118E /* PazClear.png in Resources */ = {isa = PBXBuildFile; fileRef = 530A51311F9CF81C0068118E /* PazClear.png */; };
		530A51381F9E1F860068118E /* PazChangeColorSelectedUp.png in Resources */ = {isa = PBXBuildFile; fileRef = 530A51331F9E1F860068118E /* PazChangeColorSelectedUp.png */; };
		530A51391F9E1F860068118E /* PazChangeColorSelectedRightDown.png in Resources */ = {isa = PBXBuildFile; fileRef = 530A51341F9E1F860068118E /* PazChangeColorSelectedRightDown.png */; };
		530A513A1F9E1F860068118E /* PazChangeColorSelectedRight.png in Resources */ = {isa = PBXBuildFile; fileRef = 530A51351F9E1F860068118E /* PazChangeColorSelectedRight.png */; };
		530A513B1F9E1F860068118E /* PazChangeColorSelectedLeftDown.png in Resources */ = {isa = PBXBuildFile; fileRef = 530A51361F9E1F860068118E /* PazChangeColorSelectedLeftDown.png */; };
		530A513C1F9E1F860068118E /* PazChangeColorSelectedLeft.png in Resources */ = {isa = PBXBuildFile; fileRef = 530A51371F9E1F860068118E /* PazChangeColorSelectedLeft.png */; };
		53284D3D1FAB258D00557A53 /* SolveClass.swift in Sources */ = {isa = PBXBuildFile; fileRef = 53284D3C1FAB258D00557A53 /* SolveClass.swift */; };
/* End PBXBuildFile section */

/* Begin PBXFileReference section */
		530A51021F9CBE960068118E /* PazudoraSolve.app */ = {isa = PBXFileReference; explicitFileType = wrapper.application; includeInIndex = 0; path = PazudoraSolve.app; sourceTree = BUILT_PRODUCTS_DIR; };
		530A51051F9CBE960068118E /* AppDelegate.swift */ = {isa = PBXFileReference; lastKnownFileType = sourcecode.swift; path = AppDelegate.swift; sourceTree = "<group>"; };
		530A51071F9CBE960068118E /* ViewController.swift */ = {isa = PBXFileReference; lastKnownFileType = sourcecode.swift; path = ViewController.swift; sourceTree = "<group>"; };
		530A510A1F9CBE960068118E /* Base */ = {isa = PBXFileReference; lastKnownFileType = file.storyboard; name = Base; path = Base.lproj/Main.storyboard; sourceTree = "<group>"; };
		530A510C1F9CBE960068118E /* Assets.xcassets */ = {isa = PBXFileReference; lastKnownFileType = folder.assetcatalog; path = Assets.xcassets; sourceTree = "<group>"; };
		530A510F1F9CBE960068118E /* Base */ = {isa = PBXFileReference; lastKnownFileType = file.storyboard; name = Base; path = Base.lproj/LaunchScreen.storyboard; sourceTree = "<group>"; };
		530A51111F9CBE960068118E /* Info.plist */ = {isa = PBXFileReference; lastKnownFileType = text.plist.xml; path = Info.plist; sourceTree = "<group>"; };
		530A51231F9CE2E80068118E /* PazChangeColor.png */ = {isa = PBXFileReference; lastKnownFileType = image.png; path = PazChangeColor.png; sourceTree = "<group>"; };
		530A51241F9CE2E80068118E /* PazColorBlue.png */ = {isa = PBXFileReference; lastKnownFileType = image.png; path = PazColorBlue.png; sourceTree = "<group>"; };
		530A51251F9CE2E80068118E /* PazColorGreen.png */ = {isa = PBXFileReference; lastKnownFileType = image.png; path = PazColorGreen.png; sourceTree = "<group>"; };
		530A51261F9CE2E80068118E /* PazColorPurple.png */ = {isa = PBXFileReference; lastKnownFileType = image.png; path = PazColorPurple.png; sourceTree = "<group>"; };
		530A51271F9CE2E80068118E /* PazColorRed.png */ = {isa = PBXFileReference; lastKnownFileType = image.png; path = PazColorRed.png; sourceTree = "<group>"; };
		530A51281F9CE2E80068118E /* PazColorYellow.png */ = {isa = PBXFileReference; lastKnownFileType = image.png; path = PazColorYellow.png; sourceTree = "<group>"; };
		530A512F1F9CF4710068118E /* PazBoard.png */ = {isa = PBXFileReference; lastKnownFileType = image.png; path = PazBoard.png; sourceTree = "<group>"; };
		530A51311F9CF81C0068118E /* PazClear.png */ = {isa = PBXFileReference; lastKnownFileType = image.png; path = PazClear.png; sourceTree = "<group>"; };
		530A51331F9E1F860068118E /* PazChangeColorSelectedUp.png */ = {isa = PBXFileReference; lastKnownFileType = image.png; path = PazChangeColorSelectedUp.png; sourceTree = "<group>"; };
		530A51341F9E1F860068118E /* PazChangeColorSelectedRightDown.png */ = {isa = PBXFileReference; lastKnownFileType = image.png; path = PazChangeColorSelectedRightDown.png; sourceTree = "<group>"; };
		530A51351F9E1F860068118E /* PazChangeColorSelectedRight.png */ = {isa = PBXFileReference; lastKnownFileType = image.png; path = PazChangeColorSelectedRight.png; sourceTree = "<group>"; };
		530A51361F9E1F860068118E /* PazChangeColorSelectedLeftDown.png */ = {isa = PBXFileReference; lastKnownFileType = image.png; path = PazChangeColorSelectedLeftDown.png; sourceTree = "<group>"; };
		530A51371F9E1F860068118E /* PazChangeColorSelectedLeft.png */ = {isa = PBXFileReference; lastKnownFileType = image.png; path = PazChangeColorSelectedLeft.png; sourceTree = "<group>"; };
		53284D3C1FAB258D00557A53 /* SolveClass.swift */ = {isa = PBXFileReference; lastKnownFileType = sourcecode.swift; path = SolveClass.swift; sourceTree = "<group>"; };
/* End PBXFileReference section */

/* Begin PBXFrameworksBuildPhase section */
		530A50FF1F9CBE960068118E /* Frameworks */ = {
			isa = PBXFrameworksBuildPhase;
			buildActionMask = 2147483647;
			files = (
			);
			runOnlyForDeploymentPostprocessing = 0;
		};
/* End PBXFrameworksBuildPhase section */

/* Begin PBXGroup section */
		530A50F91F9CBE960068118E = {
			isa = PBXGroup;
			children = (
				530A51041F9CBE960068118E /* PazudoraSolve */,
				530A51031F9CBE960068118E /* Products */,
			);
			sourceTree = "<group>";
		};
		530A51031F9CBE960068118E /* Products */ = {
			isa = PBXGroup;
			children = (
				530A51021F9CBE960068118E /* PazudoraSolve.app */,
			);
			name = Products;
			sourceTree = "<group>";
		};
		530A51041F9CBE960068118E /* PazudoraSolve */ = {
			isa = PBXGroup;
			children = (
				530A51051F9CBE960068118E /* AppDelegate.swift */,
				530A51071F9CBE960068118E /* ViewController.swift */,
				53284D3C1FAB258D00557A53 /* SolveClass.swift */,
				530A51091F9CBE960068118E /* Main.storyboard */,
				530A510C1F9CBE960068118E /* Assets.xcassets */,
				530A51331F9E1F860068118E /* PazChangeColorSelectedUp.png */,
				530A51341F9E1F860068118E /* PazChangeColorSelectedRightDown.png */,
				530A51351F9E1F860068118E /* PazChangeColorSelectedRight.png */,
				530A51361F9E1F860068118E /* PazChangeColorSelectedLeftDown.png */,
				530A51371F9E1F860068118E /* PazChangeColorSelectedLeft.png */,
				530A51311F9CF81C0068118E /* PazClear.png */,
				530A512F1F9CF4710068118E /* PazBoard.png */,
				530A51231F9CE2E80068118E /* PazChangeColor.png */,
				530A51241F9CE2E80068118E /* PazColorBlue.png */,
				530A51251F9CE2E80068118E /* PazColorGreen.png */,
				530A51261F9CE2E80068118E /* PazColorPurple.png */,
				530A51271F9CE2E80068118E /* PazColorRed.png */,
				530A51281F9CE2E80068118E /* PazColorYellow.png */,
				530A510E1F9CBE960068118E /* LaunchScreen.storyboard */,
				530A51111F9CBE960068118E /* Info.plist */,
			);
			path = PazudoraSolve;
			sourceTree = "<group>";
		};
/* End PBXGroup section */

/* Begin PBXNativeTarget section */
		530A51011F9CBE960068118E /* PazudoraSolve */ = {
			isa = PBXNativeTarget;
			buildConfigurationList = 530A51141F9CBE960068118E /* Build configuration list for PBXNativeTarget "PazudoraSolve" */;
			buildPhases = (
				530A50FE1F9CBE960068118E /* Sources */,
				530A50FF1F9CBE960068118E /* Frameworks */,
				530A51001F9CBE960068118E /* Resources */,
			);
			buildRules = (
			);
			dependencies = (
			);
			name = PazudoraSolve;
			productName = PazudoraSolve;
			productReference = 530A51021F9CBE960068118E /* PazudoraSolve.app */;
			productType = "com.apple.product-type.application";
		};
/* End PBXNativeTarget section */

/* Begin PBXProject section */
		530A50FA1F9CBE960068118E /* Project object */ = {
			isa = PBXProject;
			attributes = {
				LastSwiftUpdateCheck = 0830;
				LastUpgradeCheck = 0830;
				ORGANIZATIONNAME = "桑島侑己";
				TargetAttributes = {
					530A51011F9CBE960068118E = {
						CreatedOnToolsVersion = 8.3.2;
						DevelopmentTeam = 7KBT9HS966;
						ProvisioningStyle = Automatic;
					};
				};
			};
			buildConfigurationList = 530A50FD1F9CBE960068118E /* Build configuration list for PBXProject "PazudoraSolve" */;
			compatibilityVersion = "Xcode 3.2";
			developmentRegion = English;
			hasScannedForEncodings = 0;
			knownRegions = (
				en,
				Base,
			);
			mainGroup = 530A50F91F9CBE960068118E;
			productRefGroup = 530A51031F9CBE960068118E /* Products */;
			projectDirPath = "";
			projectRoot = "";
			targets = (
				530A51011F9CBE960068118E /* PazudoraSolve */,
			);
		};
/* End PBXProject section */

/* Begin PBXResourcesBuildPhase section */
		530A51001F9CBE960068118E /* Resources */ = {
			isa = PBXResourcesBuildPhase;
			buildActionMask = 2147483647;
			files = (
				530A513B1F9E1F860068118E /* PazChangeColorSelectedLeftDown.png in Resources */,
				530A51391F9E1F860068118E /* PazChangeColorSelectedRightDown.png in Resources */,
				530A513A1F9E1F860068118E /* PazChangeColorSelectedRight.png in Resources */,
				530A512A1F9CE2E80068118E /* PazColorBlue.png in Resources */,
				530A512B1F9CE2E80068118E /* PazColorGreen.png in Resources */,
				530A513C1F9E1F860068118E /* PazChangeColorSelectedLeft.png in Resources */,
				530A51301F9CF4710068118E /* PazBoard.png in Resources */,
				530A51101F9CBE960068118E /* LaunchScreen.storyboard in Resources */,
				530A51291F9CE2E80068118E /* PazChangeColor.png in Resources */,
				530A512E1F9CE2E80068118E /* PazColorYellow.png in Resources */,
				530A510D1F9CBE960068118E /* Assets.xcassets in Resources */,
				530A510B1F9CBE960068118E /* Main.storyboard in Resources */,
				530A512C1F9CE2E80068118E /* PazColorPurple.png in Resources */,
				530A51381F9E1F860068118E /* PazChangeColorSelectedUp.png in Resources */,
				530A51321F9CF81C0068118E /* PazClear.png in Resources */,
				530A512D1F9CE2E80068118E /* PazColorRed.png in Resources */,
			);
			runOnlyForDeploymentPostprocessing = 0;
		};
/* End PBXResourcesBuildPhase section */

/* Begin PBXSourcesBuildPhase section */
		530A50FE1F9CBE960068118E /* Sources */ = {
			isa = PBXSourcesBuildPhase;
			buildActionMask = 2147483647;
			files = (
				53284D3D1FAB258D00557A53 /* SolveClass.swift in Sources */,
				530A51081F9CBE960068118E /* ViewController.swift in Sources */,
				530A51061F9CBE960068118E /* AppDelegate.swift in Sources */,
			);
			runOnlyForDeploymentPostprocessing = 0;
		};
/* End PBXSourcesBuildPhase section */

/* Begin PBXVariantGroup section */
		530A51091F9CBE960068118E /* Main.storyboard */ = {
			isa = PBXVariantGroup;
			children = (
				530A510A1F9CBE960068118E /* Base */,
			);
			name = Main.storyboard;
			sourceTree = "<group>";
		};
		530A510E1F9CBE960068118E /* LaunchScreen.storyboard */ = {
			isa = PBXVariantGroup;
			children = (
				530A510F1F9CBE960068118E /* Base */,
			);
			name = LaunchScreen.storyboard;
			sourceTree = "<group>";
		};
/* End PBXVariantGroup section */

/* Begin XCBuildConfiguration section */
		530A51121F9CBE960068118E /* Debug */ = {
			isa = XCBuildConfiguration;
			buildSettings = {
				ALWAYS_SEARCH_USER_PATHS = NO;
				CLANG_ANALYZER_NONNULL = YES;
				CLANG_ANALYZER_NUMBER_OBJECT_CONVERSION = YES_AGGRESSIVE;
				CLANG_CXX_LANGUAGE_STANDARD = "gnu++0x";
				CLANG_CXX_LIBRARY = "libc++";
				CLANG_ENABLE_MODULES = YES;
				CLANG_ENABLE_OBJC_ARC = YES;
				CLANG_WARN_BOOL_CONVERSION = YES;
				CLANG_WARN_CONSTANT_CONVERSION = YES;
				CLANG_WARN_DIRECT_OBJC_ISA_USAGE = YES_ERROR;
				CLANG_WARN_DOCUMENTATION_COMMENTS = YES;
				CLANG_WARN_EMPTY_BODY = YES;
				CLANG_WARN_ENUM_CONVERSION = YES;
				CLANG_WARN_INFINITE_RECURSION = YES;
				CLANG_WARN_INT_CONVERSION = YES;
				CLANG_WARN_OBJC_ROOT_CLASS = YES_ERROR;
				CLANG_WARN_SUSPICIOUS_MOVE = YES;
				CLANG_WARN_UNREACHABLE_CODE = YES;
				CLANG_WARN__DUPLICATE_METHOD_MATCH = YES;
				"CODE_SIGN_IDENTITY[sdk=iphoneos*]" = "iPhone Developer";
				COPY_PHASE_STRIP = NO;
				DEBUG_INFORMATION_FORMAT = dwarf;
				ENABLE_STRICT_OBJC_MSGSEND = YES;
				ENABLE_TESTABILITY = YES;
				GCC_C_LANGUAGE_STANDARD = gnu99;
				GCC_DYNAMIC_NO_PIC = NO;
				GCC_NO_COMMON_BLOCKS = YES;
				GCC_OPTIMIZATION_LEVEL = 0;
				GCC_PREPROCESSOR_DEFINITIONS = (
					"DEBUG=1",
					"$(inherited)",
				);
				GCC_WARN_64_TO_32_BIT_CONVERSION = YES;
				GCC_WARN_ABOUT_RETURN_TYPE = YES_ERROR;
				GCC_WARN_UNDECLARED_SELECTOR = YES;
				GCC_WARN_UNINITIALIZED_AUTOS = YES_AGGRESSIVE;
				GCC_WARN_UNUSED_FUNCTION = YES;
				GCC_WARN_UNUSED_VARIABLE = YES;
				IPHONEOS_DEPLOYMENT_TARGET = 11.0;
				MTL_ENABLE_DEBUG_INFO = YES;
				ONLY_ACTIVE_ARCH = YES;
				SDKROOT = iphoneos;
				SWIFT_ACTIVE_COMPILATION_CONDITIONS = DEBUG;
				SWIFT_OPTIMIZATION_LEVEL = "-Onone";
			};
			name = Debug;
		};
		530A51131F9CBE960068118E /* Release */ = {
			isa = XCBuildConfiguration;
			buildSettings = {
				ALWAYS_SEARCH_USER_PATHS = NO;
				CLANG_ANALYZER_NONNULL = YES;
				CLANG_ANALYZER_NUMBER_OBJECT_CONVERSION = YES_AGGRESSIVE;
				CLANG_CXX_LANGUAGE_STANDARD = "gnu++0x";
				CLANG_CXX_LIBRARY = "libc++";
				CLANG_ENABLE_MODULES = YES;
				CLANG_ENABLE_OBJC_ARC = YES;
				CLANG_WARN_BOOL_CONVERSION = YES;
				CLANG_WARN_CONSTANT_CONVERSION = YES;
				CLANG_WARN_DIRECT_OBJC_ISA_USAGE = YES_ERROR;
				CLANG_WARN_DOCUMENTATION_COMMENTS = YES;
				CLANG_WARN_EMPTY_BODY = YES;
				CLANG_WARN_ENUM_CONVERSION = YES;
				CLANG_WARN_INFINITE_RECURSION = YES;
				CLANG_WARN_INT_CONVERSION = YES;
				CLANG_WARN_OBJC_ROOT_CLASS = YES_ERROR;
				CLANG_WARN_SUSPICIOUS_MOVE = YES;
				CLANG_WARN_UNREACHABLE_CODE = YES;
				CLANG_WARN__DUPLICATE_METHOD_MATCH = YES;
				"CODE_SIGN_IDENTITY[sdk=iphoneos*]" = "iPhone Developer";
				COPY_PHASE_STRIP = NO;
				DEBUG_INFORMATION_FORMAT = "dwarf-with-dsym";
				ENABLE_NS_ASSERTIONS = NO;
				ENABLE_STRICT_OBJC_MSGSEND = YES;
				GCC_C_LANGUAGE_STANDARD = gnu99;
				GCC_NO_COMMON_BLOCKS = YES;
				GCC_WARN_64_TO_32_BIT_CONVERSION = YES;
				GCC_WARN_ABOUT_RETURN_TYPE = YES_ERROR;
				GCC_WARN_UNDECLARED_SELECTOR = YES;
				GCC_WARN_UNINITIALIZED_AUTOS = YES_AGGRESSIVE;
				GCC_WARN_UNUSED_FUNCTION = YES;
				GCC_WARN_UNUSED_VARIABLE = YES;
				IPHONEOS_DEPLOYMENT_TARGET = 11.0;
				MTL_ENABLE_DEBUG_INFO = NO;
				SDKROOT = iphoneos;
				SWIFT_OPTIMIZATION_LEVEL = "-Owholemodule";
				VALIDATE_PRODUCT = YES;
			};
			name = Release;
		};
		530A51151F9CBE960068118E /* Debug */ = {
			isa = XCBuildConfiguration;
			buildSettings = {
				ASSETCATALOG_COMPILER_APPICON_NAME = AppIcon;
				DEVELOPMENT_TEAM = 7KBT9HS966;
				INFOPLIST_FILE = PazudoraSolve/Info.plist;
				IPHONEOS_DEPLOYMENT_TARGET = 11.0;
				LD_RUNPATH_SEARCH_PATHS = "$(inherited) @executable_path/Frameworks";
				PRODUCT_BUNDLE_IDENTIFIER = com.lit.yuki.newapp.test.pazudorasolve.PazudoraSolve;
				PRODUCT_NAME = "$(TARGET_NAME)";
				SWIFT_VERSION = 3.0;
			};
			name = Debug;
		};
		530A51161F9CBE960068118E /* Release */ = {
			isa = XCBuildConfiguration;
			buildSettings = {
				ASSETCATALOG_COMPILER_APPICON_NAME = AppIcon;
				DEVELOPMENT_TEAM = 7KBT9HS966;
				INFOPLIST_FILE = PazudoraSolve/Info.plist;
				IPHONEOS_DEPLOYMENT_TARGET = 11.0;
				LD_RUNPATH_SEARCH_PATHS = "$(inherited) @executable_path/Frameworks";
				PRODUCT_BUNDLE_IDENTIFIER = com.lit.yuki.newapp.test.pazudorasolve.PazudoraSolve;
				PRODUCT_NAME = "$(TARGET_NAME)";
				SWIFT_VERSION = 3.0;
			};
			name = Release;
		};
/* End XCBuildConfiguration section */

/* Begin XCConfigurationList section */
		530A50FD1F9CBE960068118E /* Build configuration list for PBXProject "PazudoraSolve" */ = {
			isa = XCConfigurationList;
			buildConfigurations = (
				530A51121F9CBE960068118E /* Debug */,
				530A51131F9CBE960068118E /* Release */,
			);
			defaultConfigurationIsVisible = 0;
			defaultConfigurationName = Release;
		};
		530A51141F9CBE960068118E /* Build configuration list for PBXNativeTarget "PazudoraSolve" */ = {
			isa = XCConfigurationList;
			buildConfigurations = (
				530A51151F9CBE960068118E /* Debug */,
				530A51161F9CBE960068118E /* Release */,
			);
			defaultConfigurationIsVisible = 0;
			defaultConfigurationName = Release;
		};
/* End XCConfigurationList section */
	};
	rootObject = 530A50FA1F9CBE960068118E /* Project object */;
}
